github.com/go-piv/piv-go/v2 v2.6.0 h1:/Z+uqlv5luC8aqLh/uO05egk23UH4KT/ldvPHXpnKls=
github.com/go-piv/piv-go/v2 v2.6.0/go.mod h1:gcsS2WGbToZk5PwtsCIlCWzV/R+r/wN+Xi+6O6IlU3c=
github.com/twpayne/go-pinentry-minimal v0.0.0-20220113210447-2a5dc4396c2a h1:a1bRrtgkiv0tytmDVXU5Dqse/WOTws7JvsY2WxPMZ6M=
github.com/twpayne/go-pinentry-minimal v0.0.0-20220113210447-2a5dc4396c2a/go.mod h1:ARJJXqNuaxVS84jX6ST52hQh0TtuQZWABhTe95a6BI4=
golang.org/x/crypto v0.52.0 h1:RMs7fP2rXdep0CftQlK8Uf+kibLm7qkCcradZWYz988=
golang.org/x/crypto v0.52.0/go.mod h1:1QgfPxDqh0T2M/elOJtp9RvuR95kVjir0e6/BvEmGbc=
golang.org/x/sys v0.45.0 h1:dO4czNzziLiiXplLQgBCEpCvXQ3dnkn0SdaZSYdQ+FY=
golang.org/x/sys v0.45.0/go.mod h1:4GL1E5IUh+htKOUEOaiffhrAeqysfVGipDYzABqnCmw=
golang.org/x/term v0.43.0 h1:S4RLU2sB31O/NCl+zFN9Aru9A/Cq2aqKpTZJ6B+DwT4=
golang.org/x/term v0.43.0/go.mod h1:lrhlHNdQJHO+1qVYiHfFKVuVioJIheAc3fBSMFYEIsk=
